Microsoft Visual Studio Solution File, Format Version 12.00
# Visual Studio Version 17
VisualStudioVersion = 17.14.36915.13
MinimumVisualStudioVersion = 10.0.40219.1
Project("{FAE04EC0-301F-11D3-BF4B-00C04F79EFBC}") = "CS-483-CSI-477", "CS-483-CSI-477.csproj", "{D2AE44AE-FBEE-E3DF-61AB-5AB5C25400A4}"
EndProject
Global
	GlobalSection(SolutionConfigurationPlatforms) = preSolution
		Debug|Any CPU = Debug|Any CPU
		Release|Any CPU = Release|Any CPU
	EndGlobalSection
	GlobalSection(ProjectConfigurationPlatforms) = postSolution
		{D2AE44AE-FBEE-E3DF-61AB-5AB5C25400A4}.Debug|Any CPU.ActiveCfg = Debug|Any CPU
		{D2AE44AE-FBEE-E3DF-61AB-5AB5C25400A4}.Debug|Any CPU.Build.0 = Debug|Any CPU
		{D2AE44AE-FBEE-E3DF-61AB-5AB5C25400A4}.Release|Any CPU.ActiveCfg = Release|Any CPU
		{D2AE44AE-FBEE-E3DF-61AB-5AB5C25400A4}.Release|Any CPU.Build.0 = Release|Any CPU
	EndGlobalSection
	GlobalSection(SolutionProperties) = preSolution
		HideSolutionNode = FALSE
	EndGlobalSection
	GlobalSection(ExtensibilityGlobals) = postSolution
		SolutionGuid = {D5DBB518-8F7F-41D9-99A8-1E9EAD9F2507}
	EndGlobalSection
EndGlobal
